
Microsoft Visual Studio Solution File, Format Version 12.00
# Visual Studio Version 17
VisualStudioVersion = 17.0.31903.59
MinimumVisualStudioVersion = 10.0.40219.1
Project("{FAE04EC0-301F-11D3-BF4B-00C04F79EFBC}") = "ThreeLayerLib", "ThreeLayerLib\ThreeLayerLib.csproj", "{8AB17142-110E-4DE9-BC17-5F698ED851BF}"
EndProject
Project("{FAE04EC0-301F-11D3-BF4B-00C04F79EFBC}") = "ThreeLayerConsoleApp", "ThreeLayerConsoleApp\ThreeLayerConsoleApp.csproj", "{0CFE3F4F-E7E5-4EA2-A89B-1CC5350B6D5B}"
EndProject
Project("{FAE04EC0-301F-11D3-BF4B-00C04F79EFBC}") = "ThreeLayerWebApp", "ThreeLayerWebApp\ThreeLayerWebApp.csproj", "{96123E0B-700A-4AFE-B08E-D306721BE07E}"
EndProject
Global
	GlobalSection(SolutionConfigurationPlatforms) = preSolution
		Debug|Any CPU = Debug|Any CPU
		Release|Any CPU = Release|Any CPU
	EndGlobalSection
	GlobalSection(SolutionProperties) = preSolution
		HideSolutionNode = FALSE
	EndGlobalSection
	GlobalSection(ProjectConfigurationPlatforms) = postSolution
		{8AB17142-110E-4DE9-BC17-5F698ED851BF}.Debug|Any CPU.ActiveCfg = Debug|Any CPU
		{8AB17142-110E-4DE9-BC17-5F698ED851BF}.Debug|Any CPU.Build.0 = Debug|Any CPU
		{8AB17142-110E-4DE9-BC17-5F698ED851BF}.Release|Any CPU.ActiveCfg = Release|Any CPU
		{8AB17142-110E-4DE9-BC17-5F698ED851BF}.Release|Any CPU.Build.0 = Release|Any CPU
		{0CFE3F4F-E7E5-4EA2-A89B-1CC5350B6D5B}.Debug|Any CPU.ActiveCfg = Debug|Any CPU
		{0CFE3F4F-E7E5-4EA2-A89B-1CC5350B6D5B}.Debug|Any CPU.Build.0 = Debug|Any CPU
		{0CFE3F4F-E7E5-4EA2-A89B-1CC5350B6D5B}.Release|Any CPU.ActiveCfg = Release|Any CPU
		{0CFE3F4F-E7E5-4EA2-A89B-1CC5350B6D5B}.Release|Any CPU.Build.0 = Release|Any CPU
		{96123E0B-700A-4AFE-B08E-D306721BE07E}.Debug|Any CPU.ActiveCfg = Debug|Any CPU
		{96123E0B-700A-4AFE-B08E-D306721BE07E}.Debug|Any CPU.Build.0 = Debug|Any CPU
		{96123E0B-700A-4AFE-B08E-D306721BE07E}.Release|Any CPU.ActiveCfg = Release|Any CPU
		{96123E0B-700A-4AFE-B08E-D306721BE07E}.Release|Any CPU.Build.0 = Release|Any CPU
	EndGlobalSection
EndGlobal
